<?xml version="1.0" encoding="utf-8"?>
<Project ToolsVersion="4.0" xmlns="http://schemas.microsoft.com/developer/msbuild/2003">
  <ItemGroup>
    <Filter Include="studio">
      <UniqueIdentifier>{21e7870f-a332-11e2-9bb8-90e6ba352a52}</UniqueIdentifier>
    </Filter>
  </ItemGroup>
  <ItemGroup>
    <ClCompile Include="..\studio\studio.cpp">
      <Filter>studio</Filter>
    </ClCompile>
  </ItemGroup>
</Project>
